
Microsoft Visual Studio Solution File, Format Version 12.00
# Visual Studio 15
VisualStudioVersion = 15.0.28010.2046
MinimumVisualStudioVersion = 10.0.40219.1
Project("{FAE04EC0-301F-11D3-BF4B-00C04F79EFBC}") = "FerramentasCalculos", "FerramentasCalculos\FerramentasCalculos.csproj", "{607EA25B-09B7-4F39-AB0E-E1E05BD9F354}"
EndProject
Global
	GlobalSection(SolutionConfigurationPlatforms) = preSolution
		Debug|Any CPU = Debug|Any CPU
		Release|Any CPU = Release|Any CPU
	EndGlobalSection
	GlobalSection(ProjectConfigurationPlatforms) = postSolution
		{607EA25B-09B7-4F39-AB0E-E1E05BD9F354}.Debug|Any CPU.ActiveCfg = Debug|Any CPU
		{607EA25B-09B7-4F39-AB0E-E1E05BD9F354}.Debug|Any CPU.Build.0 = Debug|Any CPU
		{607EA25B-09B7-4F39-AB0E-E1E05BD9F354}.Release|Any CPU.ActiveCfg = Release|Any CPU
		{607EA25B-09B7-4F39-AB0E-E1E05BD9F354}.Release|Any CPU.Build.0 = Release|Any CPU
	EndGlobalSection
	GlobalSection(SolutionProperties) = preSolution
		HideSolutionNode = FALSE
	EndGlobalSection
	GlobalSection(ExtensibilityGlobals) = postSolution
		SolutionGuid = {88980D29-EF44-4B41-B5BC-EC9AAC5F9B9C}
	EndGlobalSection
EndGlobal
